{
  "name": "TestTechniqueFront",
  "lockfileVersion": 3,
  "requires": true,
  "packages": {
    "": {
      "dependencies": {
        "@angular/common": "2.4.0",
        "@angular/compiler": "2.4.0",
        "@angular/core": "2.4.0",
        "@angular/forms": "2.4.0",
        "@angular/http": "2.4.0",
        "@angular/platform-browser": "2.4.0",
        "@angular/platform-browser-dynamic": "2.4.0",
        "@angular/router": "3.4.0",
        "core-js": "^2.4.1",
        "rxjs": "5.0.1",
        "zone.js": "^0.7.2"
      }
    },
    "node_modules/@angular/common": {
      "version": "2.4.0",
      "resolved": "https://registry.npmjs.org/@angular/common/-/common-2.4.0.tgz",
      "integrity": "sha512-PQ7NvvAs4lr0833ghst1LeMl34Pv0PNQjmXnBXJnG7rIgeoumz+WZkAJMqxthI+n+jXbLtJyQbL384bRnNylpg==",
      "license": "MIT",
      "peerDependencies": {
        "@angular/core": "2.4.0"
      }
    },
    "node_modules/@angular/compiler": {
      "version": "2.4.0",
      "resolved": "https://registry.npmjs.org/@angular/compiler/-/compiler-2.4.0.tgz",
      "integrity": "sha512-YbEk6yGoI3wpgt+pgbECDVWGIBg/Oz900LjawxObXhpSi+g9xTv0c7sXrw3/FKQLpGuT0zpJVoErnlx57DkI8w==",
      "license": "MIT",
      "peerDependencies": {
        "@angular/core": "2.4.0"
      }
    },
    "node_modules/@angular/core": {
      "version": "2.4.0",
      "resolved": "https://registry.npmjs.org/@angular/core/-/core-2.4.0.tgz",
      "integrity": "sha512-DpI4hWsH6J2uGrg8gg7vja9SabIRTJxHxpYsjIQWFmHkcM1CvsvDfutULik4TWpmJ4+49FUdjpIYhxJtwk6Hww==",
      "license": "MIT",
      "peerDependencies": {
        "rxjs": "^5.0.1",
        "zone.js": "^0.7.2"
      }
    },
    "node_modules/@angular/forms": {
      "version": "2.4.0",
      "resolved": "https://registry.npmjs.org/@angular/forms/-/forms-2.4.0.tgz",
      "integrity": "sha512-Sf1SGlDQrXUweDNjHrrcheQW5ZbI+uosQRTI2yvGsK6kN4kvGaJeUxvOaEcJyv7Mm8i1eFraVO0FADryxk7x1A==",
      "license": "MIT",
      "peerDependencies": {
        "@angular/common": "2.4.0",
        "@angular/core": "2.4.0"
      }
    },
    "node_modules/@angular/http": {
      "version": "2.4.0",
      "resolved": "https://registry.npmjs.org/@angular/http/-/http-2.4.0.tgz",
      "integrity": "sha512-V4M5IUDC/w0Fiuat2OEWl81jKtCN4OCxtkNm8+7HCBGLiWTvJ+dMSBQLQIYj6WgBTpHeEQwDWWDOqO60rfcH3A==",
      "deprecated": "Package no longer supported. Use @angular/common instead, see https://angular.io/guide/deprecations#angularhttp",
      "license": "MIT",
      "peerDependencies": {
        "@angular/core": "2.4.0",
        "@angular/platform-browser": "2.4.0",
        "rxjs": "^5.0.1"
      }
    },
    "node_modules/@angular/platform-browser": {
      "version": "2.4.0",
      "resolved": "https://registry.npmjs.org/@angular/platform-browser/-/platform-browser-2.4.0.tgz",
      "integrity": "sha512-WKRnqBflPG/wF4xT2WoWxtAbkfS+hiRDXgeJkYNbcL9E9fynPFofic6Cfj2OXODo0B4VYGb93HwMdJremJgA6g==",
      "license": "MIT",
      "peerDependencies": {
        "@angular/common": "2.4.0",
        "@angular/core": "2.4.0"
      }
    },
    "node_modules/@angular/platform-browser-dynamic": {
      "version": "2.4.0",
      "resolved": "https://registry.npmjs.org/@angular/platform-browser-dynamic/-/platform-browser-dynamic-2.4.0.tgz",
      "integrity": "sha512-FqhmSMCXNSkwgVi+IbRpgFDZU7RAJQ0s3g7+BMNATa21ya0A7w69aWEwStLJ6BxnfyoPe01DmpI8O59RoVnkUA==",
      "license": "MIT",
      "peerDependencies": {
        "@angular/common": "2.4.0",
        "@angular/compiler": "2.4.0",
        "@angular/core": "2.4.0",
        "@angular/platform-browser": "2.4.0"
      }
    },
    "node_modules/@angular/router": {
      "version": "3.4.0",
      "resolved": "https://registry.npmjs.org/@angular/router/-/router-3.4.0.tgz",
      "integrity": "sha512-j2ITwsiyZ2Lh2jU922OBtnElfwT3Iklq1hOxkoP1okYTy7aAb6EpRauHN9zQxcrcYpuINBYnFp0hAdDs7TR8lw==",
      "license": "MIT",
      "peerDependencies": {
        "@angular/common": "2.4.0",
        "@angular/core": "2.4.0",
        "@angular/platform-browser": "2.4.0",
        "rxjs": "^5.0.1"
      }
    },
    "node_modules/core-js": {
      "version": "2.6.12",
      "resolved": "https://registry.npmjs.org/core-js/-/core-js-2.6.12.tgz",
      "integrity": "sha512-Kb2wC0fvsWfQrgk8HU5lW6U/Lcs8+9aaYcy4ZFc6DDlo4nZ7n70dEgE5rtR0oG6ufKDUnrwfWL1mXR5ljDatrQ==",
      "deprecated": "core-js@<3.23.3 is no longer maintained and not recommended for usage due to the number of issues. Because of the V8 engine whims, feature detection in old core-js versions could cause a slowdown up to 100x even if nothing is polyfilled. Some versions have web compatibility issues. Please, upgrade your dependencies to the actual version of core-js.",
      "hasInstallScript": true,
      "license": "MIT"
    },
    "node_modules/rxjs": {
      "version": "5.0.1",
      "resolved": "https://registry.npmjs.org/rxjs/-/rxjs-5.0.1.tgz",
      "integrity": "sha512-IaW8L5cI6O4dRCo5L95VrjwlSJSXh9IaJJUObc8DI/HGsFJSq8tqeN/IkAxSqgOSdo8xCfCCTtL6RBHnRO0+4g==",
      "license": "Apache-2.0",
      "dependencies": {
        "symbol-observable": "^1.0.1"
      },
      "engines": {
        "npm": ">=2.0.0"
      }
    },
    "node_modules/symbol-observable": {
      "version": "1.2.0",
      "resolved": "https://registry.npmjs.org/symbol-observable/-/symbol-observable-1.2.0.tgz",
      "integrity": "sha512-e900nM8RRtGhlV36KGEU9k65K3mPb1WV70OdjfxlG2EAuM1noi/E/BaW/uMhL7bPEssK8QV57vN3esixjUvcXQ==",
      "license": "MIT",
      "engines": {
        "node": ">=0.10.0"
      }
    },
    "node_modules/zone.js": {
      "version": "0.7.8",
      "resolved": "https://registry.npmjs.org/zone.js/-/zone.js-0.7.8.tgz",
      "integrity": "sha512-u7Hdq+ZRTN/fxoa/G/IYNhkTqUlFODtJIc7iE1EAhhsnjRa/NroQ2ApaKUiVu5W4fpXXjH17Ia7eUtF2sQKgsQ==",
      "license": "MIT"
    }
  }
}
